
Microsoft Visual Studio Solution File, Format Version 12.00
# Visual Studio Version 16
VisualStudioVersion = 16.0.29509.3
MinimumVisualStudioVersion = 10.0.40219.1
Project("{FAE04EC0-301F-11D3-BF4B-00C04F79EFBC}") = "CourseLibrary.API", "CourseLibrary.API\CourseLibrary.API.csproj", "{62AFB36F-85FC-4115-827E-328554B1860A}"
EndProject
Global
	GlobalSection(SolutionConfigurationPlatforms) = preSolution
		Debug|Any CPU = Debug|Any CPU
		Release|Any CPU = Release|Any CPU
	EndGlobalSection
	GlobalSection(ProjectConfigurationPlatforms) = postSolution
		{62AFB36F-85FC-4115-827E-328554B1860A}.Debug|Any CPU.ActiveCfg = Debug|Any CPU
		{62AFB36F-85FC-4115-827E-328554B1860A}.Debug|Any CPU.Build.0 = Debug|Any CPU
		{62AFB36F-85FC-4115-827E-328554B1860A}.Release|Any CPU.ActiveCfg = Release|Any CPU
		{62AFB36F-85FC-4115-827E-328554B1860A}.Release|Any CPU.Build.0 = Release|Any CPU
	EndGlobalSection
	GlobalSection(SolutionProperties) = preSolution
		HideSolutionNode = FALSE
	EndGlobalSection
	GlobalSection(ExtensibilityGlobals) = postSolution
		SolutionGuid = {078262E4-1B92-4797-B47C-3E8C7FD4D02C}
	EndGlobalSection
EndGlobal
